github.com/grafov/m3u8 v0.12.1 h1:DuP1uA1kvRRmGNAZ0m+ObLv1dvrfNO0TPx0c/enNk0s=
github.com/grafov/m3u8 v0.12.1/go.mod h1:nqzOkfBiZJENr52zTVd/Dcl03yzphIMbJqkXGu+u080=
github.com/unki2aut/go-mpd v0.0.0-20250610073145-8336a8d84ee7 h1:FsfEp+/I/2p/WObIlPlB10kITDkOjzi/IDqM9GYpYJc=
github.com/unki2aut/go-mpd v0.0.0-20250610073145-8336a8d84ee7/go.mod h1:LITqXLCxxmcoHtOMgZh5NbcfS4RCrrADQXPVkYwF/cc=
github.com/unki2aut/go-xsd-types v0.0.0-20200220223938-30e5405398f8 h1:u0Bi6Mf8BKPQnxGJ7QubdMyhb0SJjnQU7kX0BA9eASk=
github.com/unki2aut/go-xsd-types v0.0.0-20200220223938-30e5405398f8/go.mod h1:uIeMfpmWIZ8SGp+fTfwDBWiiRn3aJm4b7rFSro9s++Q=
